// !$*UTF8*$!
{
	archiveVersion = 1;
	classes = {
	};
	objectVersion = 50;
	objects = {

/* Begin PBXBuildFile section */
		6514CA48210A6A1000262E95 /* UpdateAvatarPickerVC.swift in Sources */ = {isa = PBXBuildFile; fileRef = 6514CA46210A6A1000262E95 /* UpdateAvatarPickerVC.swift */; };
		6514CA49210A6A1000262E95 /* UpdateAvatarPickerVC.xib in Resources */ = {isa = PBXBuildFile; fileRef = 6514CA47210A6A1000262E95 /* UpdateAvatarPickerVC.xib */; };
		6514CA4C210A6F4A00262E95 /* UpdateAvatarCell.swift in Sources */ = {isa = PBXBuildFile; fileRef = 6514CA4A210A6F4A00262E95 /* UpdateAvatarCell.swift */; };
		6514CA4D210A6F4A00262E95 /* UpdateAvatarCell.xib in Resources */ = {isa = PBXBuildFile; fileRef = 6514CA4B210A6F4A00262E95 /* UpdateAvatarCell.xib */; };
		65240A5820F545C20045E0C6 /* AppDelegate.swift in Sources */ = {isa = PBXBuildFile; fileRef = 65240A5720F545C20045E0C6 /* AppDelegate.swift */; };
		65240A5D20F545C20045E0C6 /* Main.storyboard in Resources */ = {isa = PBXBuildFile; fileRef = 65240A5B20F545C20045E0C6 /* Main.storyboard */; };
		65240A5F20F545C30045E0C6 /* Assets.xcassets in Resources */ = {isa = PBXBuildFile; fileRef = 65240A5E20F545C30045E0C6 /* Assets.xcassets */; };
		65240A6220F545C30045E0C6 /* LaunchScreen.storyboard in Resources */ = {isa = PBXBuildFile; fileRef = 65240A6020F545C30045E0C6 /* LaunchScreen.storyboard */; };
		6526FE9A20F678B200A685C1 /* GradientView.swift in Sources */ = {isa = PBXBuildFile; fileRef = 6526FE9920F678B200A685C1 /* GradientView.swift */; };
		6526FE9D20F6926200A685C1 /* Constants.swift in Sources */ = {isa = PBXBuildFile; fileRef = 6526FE9C20F6926200A685C1 /* Constants.swift */; };
		6526FE9F20F6955A00A685C1 /* LoginVC.swift in Sources */ = {isa = PBXBuildFile; fileRef = 6526FE9E20F6955A00A685C1 /* LoginVC.swift */; };
		6526FEA120F696AC00A685C1 /* CreateAccountVC.swift in Sources */ = {isa = PBXBuildFile; fileRef = 6526FEA020F696AC00A685C1 /* CreateAccountVC.swift */; };
		6526FEA620F7F41B00A685C1 /* AuthService.swift in Sources */ = {isa = PBXBuildFile; fileRef = 6526FEA520F7F41B00A685C1 /* AuthService.swift */; };
		6526FEA820F7FEA200A685C1 /* RoundedButton.swift in Sources */ = {isa = PBXBuildFile; fileRef = 6526FEA720F7FEA200A685C1 /* RoundedButton.swift */; };
		652B60BE20FE8AD8003CB87D /* UserDataService.swift in Sources */ = {isa = PBXBuildFile; fileRef = 652B60BD20FE8AD8003CB87D /* UserDataService.swift */; };
		652B60C020FE967C003CB87D /* AvatarPickerVC.swift in Sources */ = {isa = PBXBuildFile; fileRef = 652B60BF20FE967C003CB87D /* AvatarPickerVC.swift */; };
		652B60C220FE979F003CB87D /* AvatarCell.swift in Sources */ = {isa = PBXBuildFile; fileRef = 652B60C120FE979F003CB87D /* AvatarCell.swift */; };
		652B60C420FFBFF3003CB87D /* CircleImage.swift in Sources */ = {isa = PBXBuildFile; fileRef = 652B60C320FFBFF3003CB87D /* CircleImage.swift */; };
		652B60C720FFDC56003CB87D /* ProfileVC.swift in Sources */ = {isa = PBXBuildFile; fileRef = 652B60C520FFDC56003CB87D /* ProfileVC.swift */; };
		652B60C820FFDC56003CB87D /* ProfileVC.xib in Resources */ = {isa = PBXBuildFile; fileRef = 652B60C620FFDC56003CB87D /* ProfileVC.xib */; };
		65B8DE2E210511E300ED0B47 /* MessageService.swift in Sources */ = {isa = PBXBuildFile; fileRef = 65B8DE2D210511E300ED0B47 /* MessageService.swift */; };
		65B8DE302105120D00ED0B47 /* Channel.swift in Sources */ = {isa = PBXBuildFile; fileRef = 65B8DE2F2105120D00ED0B47 /* Channel.swift */; };
		65B8DE32210516D300ED0B47 /* ChannelCell.swift in Sources */ = {isa = PBXBuildFile; fileRef = 65B8DE31210516D300ED0B47 /* ChannelCell.swift */; };
		65B8DE3521051A8200ED0B47 /* AddChannelVC.swift in Sources */ = {isa = PBXBuildFile; fileRef = 65B8DE3321051A8200ED0B47 /* AddChannelVC.swift */; };
		65B8DE3621051A8200ED0B47 /* AddChannelVC.xib in Resources */ = {isa = PBXBuildFile; fileRef = 65B8DE3421051A8200ED0B47 /* AddChannelVC.xib */; };
		65B8DE38210520C400ED0B47 /* SocketService.swift in Sources */ = {isa = PBXBuildFile; fileRef = 65B8DE37210520C400ED0B47 /* SocketService.swift */; };
		65B8DE3B21065B0400ED0B47 /* Message.swift in Sources */ = {isa = PBXBuildFile; fileRef = 65B8DE3A21065B0300ED0B47 /* Message.swift */; };
		65B8DE3D2106669F00ED0B47 /* KeyboardBoundView.swift in Sources */ = {isa = PBXBuildFile; fileRef = 65B8DE3C2106669F00ED0B47 /* KeyboardBoundView.swift */; };
		65B8DE3F21066E1900ED0B47 /* MessageCell.swift in Sources */ = {isa = PBXBuildFile; fileRef = 65B8DE3E21066E1900ED0B47 /* MessageCell.swift */; };
		65B8DE422107CEBF00ED0B47 /* UpdateUserNameVC.swift in Sources */ = {isa = PBXBuildFile; fileRef = 65B8DE402107CEBF00ED0B47 /* UpdateUserNameVC.swift */; };
		65B8DE432107CEBF00ED0B47 /* UpdateUserNameVC.xib in Resources */ = {isa = PBXBuildFile; fileRef = 65B8DE412107CEBF00ED0B47 /* UpdateUserNameVC.xib */; };
		65C7BCBE20F54E6700C8972D /* ChatVC.swift in Sources */ = {isa = PBXBuildFile; fileRef = 65C7BCBD20F54E6700C8972D /* ChatVC.swift */; };
		65C7BCC020F54E7400C8972D /* ChannelVC.swift in Sources */ = {isa = PBXBuildFile; fileRef = 65C7BCBF20F54E7400C8972D /* ChannelVC.swift */; };
		65C7BCC320F54F0400C8972D /* SWRevealViewController.m in Sources */ = {isa = PBXBuildFile; fileRef = 65C7BCC220F54F0400C8972D /* SWRevealViewController.m */; };
		D58EA08745048516E68886AD /* Pods_Smack.framework in Frameworks */ = {isa = PBXBuildFile; fileRef = 539B0A7E873F8106F96B1FD2 /* Pods_Smack.framework */; };
/* End PBXBuildFile section */

/* Begin PBXFileReference section */
		49EDC974E9985171879525A5 /* Pods-Smack.release.xcconfig */ = {isa = PBXFileReference; includeInIndex = 1; lastKnownFileType = text.xcconfig; name = "Pods-Smack.release.xcconfig"; path = "Pods/Target Support Files/Pods-Smack/Pods-Smack.release.xcconfig"; sourceTree = "<group>"; };
		539B0A7E873F8106F96B1FD2 /* Pods_Smack.framework */ = {isa = PBXFileReference; explicitFileType = wrapper.framework; includeInIndex = 0; path = Pods_Smack.framework; sourceTree = BUILT_PRODUCTS_DIR; };
		6514CA46210A6A1000262E95 /* UpdateAvatarPickerVC.swift */ = {isa = PBXFileReference; lastKnownFileType = sourcecode.swift; path = UpdateAvatarPickerVC.swift; sourceTree = "<group>"; };
		6514CA47210A6A1000262E95 /* UpdateAvatarPickerVC.xib */ = {isa = PBXFileReference; lastKnownFileType = file.xib; path = UpdateAvatarPickerVC.xib; sourceTree = "<group>"; };
		6514CA4A210A6F4A00262E95 /* UpdateAvatarCell.swift */ = {isa = PBXFileReference; lastKnownFileType = sourcecode.swift; path = UpdateAvatarCell.swift; sourceTree = "<group>"; };
		6514CA4B210A6F4A00262E95 /* UpdateAvatarCell.xib */ = {isa = PBXFileReference; lastKnownFileType = file.xib; path = UpdateAvatarCell.xib; sourceTree = "<group>"; };
		65240A5420F545C20045E0C6 /* Smack.app */ = {isa = PBXFileReference; explicitFileType = wrapper.application; includeInIndex = 0; path = Smack.app; sourceTree = BUILT_PRODUCTS_DIR; };
		65240A5720F545C20045E0C6 /* AppDelegate.swift */ = {isa = PBXFileReference; lastKnownFileType = sourcecode.swift; path = AppDelegate.swift; sourceTree = "<group>"; };
		65240A5C20F545C20045E0C6 /* Base */ = {isa = PBXFileReference; lastKnownFileType = file.storyboard; name = Base; path = Base.lproj/Main.storyboard; sourceTree = "<group>"; };
		65240A5E20F545C30045E0C6 /* Assets.xcassets */ = {isa = PBXFileReference; lastKnownFileType = folder.assetcatalog; path = Assets.xcassets; sourceTree = "<group>"; };
		65240A6120F545C30045E0C6 /* Base */ = {isa = PBXFileReference; lastKnownFileType = file.storyboard; name = Base; path = Base.lproj/LaunchScreen.storyboard; sourceTree = "<group>"; };
		65240A6320F545C30045E0C6 /* Info.plist */ = {isa = PBXFileReference; lastKnownFileType = text.plist.xml; path = Info.plist; sourceTree = "<group>"; };
		6526FE9920F678B200A685C1 /* GradientView.swift */ = {isa = PBXFileReference; lastKnownFileType = sourcecode.swift; path = GradientView.swift; sourceTree = "<group>"; };
		6526FE9C20F6926200A685C1 /* Constants.swift */ = {isa = PBXFileReference; lastKnownFileType = sourcecode.swift; name = Constants.swift; path = Smack/View/Constants.swift; sourceTree = SOURCE_ROOT; };
		6526FE9E20F6955A00A685C1 /* LoginVC.swift */ = {isa = PBXFileReference; lastKnownFileType = sourcecode.swift; path = LoginVC.swift; sourceTree = "<group>"; };
		6526FEA020F696AC00A685C1 /* CreateAccountVC.swift */ = {isa = PBXFileReference; lastKnownFileType = sourcecode.swift; path = CreateAccountVC.swift; sourceTree = "<group>"; };
		6526FEA520F7F41B00A685C1 /* AuthService.swift */ = {isa = PBXFileReference; lastKnownFileType = sourcecode.swift; path = AuthService.swift; sourceTree = "<group>"; };
		6526FEA720F7FEA200A685C1 /* RoundedButton.swift */ = {isa = PBXFileReference; lastKnownFileType = sourcecode.swift; path = RoundedButton.swift; sourceTree = "<group>"; };
		652B60BD20FE8AD8003CB87D /* UserDataService.swift */ = {isa = PBXFileReference; lastKnownFileType = sourcecode.swift; path = UserDataService.swift; sourceTree = "<group>"; };
		652B60BF20FE967C003CB87D /* AvatarPickerVC.swift */ = {isa = PBXFileReference; lastKnownFileType = sourcecode.swift; path = AvatarPickerVC.swift; sourceTree = "<group>"; };
		652B60C120FE979F003CB87D /* AvatarCell.swift */ = {isa = PBXFileReference; lastKnownFileType = sourcecode.swift; path = AvatarCell.swift; sourceTree = "<group>"; };
		652B60C320FFBFF3003CB87D /* CircleImage.swift */ = {isa = PBXFileReference; lastKnownFileType = sourcecode.swift; path = CircleImage.swift; sourceTree = "<group>"; };
		652B60C520FFDC56003CB87D /* ProfileVC.swift */ = {isa = PBXFileReference; lastKnownFileType = sourcecode.swift; path = ProfileVC.swift; sourceTree = "<group>"; };
		652B60C620FFDC56003CB87D /* ProfileVC.xib */ = {isa = PBXFileReference; lastKnownFileType = file.xib; path = ProfileVC.xib; sourceTree = "<group>"; };
		65B8DE2D210511E300ED0B47 /* MessageService.swift */ = {isa = PBXFileReference; lastKnownFileType = sourcecode.swift; path = MessageService.swift; sourceTree = "<group>"; };
		65B8DE2F2105120D00ED0B47 /* Channel.swift */ = {isa = PBXFileReference; lastKnownFileType = sourcecode.swift; path = Channel.swift; sourceTree = "<group>"; };
		65B8DE31210516D300ED0B47 /* ChannelCell.swift */ = {isa = PBXFileReference; lastKnownFileType = sourcecode.swift; path = ChannelCell.swift; sourceTree = "<group>"; };
		65B8DE3321051A8200ED0B47 /* AddChannelVC.swift */ = {isa = PBXFileReference; lastKnownFileType = sourcecode.swift; path = AddChannelVC.swift; sourceTree = "<group>"; };
		65B8DE3421051A8200ED0B47 /* AddChannelVC.xib */ = {isa = PBXFileReference; lastKnownFileType = file.xib; path = AddChannelVC.xib; sourceTree = "<group>"; };
		65B8DE37210520C400ED0B47 /* SocketService.swift */ = {isa = PBXFileReference; lastKnownFileType = sourcecode.swift; path = SocketService.swift; sourceTree = "<group>"; };
		65B8DE3A21065B0300ED0B47 /* Message.swift */ = {isa = PBXFileReference; lastKnownFileType = sourcecode.swift; path = Message.swift; sourceTree = "<group>"; };
		65B8DE3C2106669F00ED0B47 /* KeyboardBoundView.swift */ = {isa = PBXFileReference; fileEncoding = 4; lastKnownFileType = sourcecode.swift; path = KeyboardBoundView.swift; sourceTree = "<group>"; };
		65B8DE3E21066E1900ED0B47 /* MessageCell.swift */ = {isa = PBXFileReference; lastKnownFileType = sourcecode.swift; path = MessageCell.swift; sourceTree = "<group>"; };
		65B8DE402107CEBF00ED0B47 /* UpdateUserNameVC.swift */ = {isa = PBXFileReference; lastKnownFileType = sourcecode.swift; path = UpdateUserNameVC.swift; sourceTree = "<group>"; };
		65B8DE412107CEBF00ED0B47 /* UpdateUserNameVC.xib */ = {isa = PBXFileReference; lastKnownFileType = file.xib; path = UpdateUserNameVC.xib; sourceTree = "<group>"; };
		65C7BCBD20F54E6700C8972D /* ChatVC.swift */ = {isa = PBXFileReference; lastKnownFileType = sourcecode.swift; path = ChatVC.swift; sourceTree = "<group>"; };
		65C7BCBF20F54E7400C8972D /* ChannelVC.swift */ = {isa = PBXFileReference; lastKnownFileType = sourcecode.swift; path = ChannelVC.swift; sourceTree = "<group>"; };
		65C7BCC120F54F0400C8972D /* SWRevealViewController.h */ = {isa = PBXFileReference; fileEncoding = 4; lastKnownFileType = sourcecode.c.h; name = SWRevealViewController.h; path = "../../../../../Downloads/SWRevealViewController-master/SWRevealViewController/SWRevealViewController.h"; sourceTree = "<group>"; };
		65C7BCC220F54F0400C8972D /* SWRevealViewController.m */ = {isa = PBXFileReference; fileEncoding = 4; lastKnownFileType = sourcecode.c.objc; name = SWRevealViewController.m; path = "../../../../../Downloads/SWRevealViewController-master/SWRevealViewController/SWRevealViewController.m"; sourceTree = "<group>"; };
		65C7BCC420F54F7100C8972D /* Smack-Bridging-Header.h */ = {isa = PBXFileReference; lastKnownFileType = sourcecode.c.h; name = "Smack-Bridging-Header.h"; path = "../../../../../Downloads/team-devslopes-app-smack-fe494f15fe51/Smack/Supporting Files/Smack-Bridging-Header.h"; sourceTree = "<group>"; };
		68DEB5A32F1F078BA8499E58 /* Pods-Smack.debug.xcconfig */ = {isa = PBXFileReference; includeInIndex = 1; lastKnownFileType = text.xcconfig; name = "Pods-Smack.debug.xcconfig"; path = "Pods/Target Support Files/Pods-Smack/Pods-Smack.debug.xcconfig"; sourceTree = "<group>"; };
/* End PBXFileReference section */

/* Begin PBXFrameworksBuildPhase section */
		65240A5120F545C20045E0C6 /* Frameworks */ = {
			isa = PBXFrameworksBuildPhase;
			buildActionMask = 2147483647;
			files = (
				D58EA08745048516E68886AD /* Pods_Smack.framework in Frameworks */,
			);
			runOnlyForDeploymentPostprocessing = 0;
		};
/* End PBXFrameworksBuildPhase section */

/* Begin PBXGroup section */
		10DB47F2F3897D0041E3BA7B /* Pods */ = {
			isa = PBXGroup;
			children = (
				68DEB5A32F1F078BA8499E58 /* Pods-Smack.debug.xcconfig */,
				49EDC974E9985171879525A5 /* Pods-Smack.release.xcconfig */,
			);
			name = Pods;
			sourceTree = "<group>";
		};
		65240A4B20F545C20045E0C6 = {
			isa = PBXGroup;
			children = (
				65240A5620F545C20045E0C6 /* Smack */,
				65240A5520F545C20045E0C6 /* Products */,
				10DB47F2F3897D0041E3BA7B /* Pods */,
				AFEB87F801894580CA2B9282 /* Frameworks */,
			);
			sourceTree = "<group>";
		};
		65240A5520F545C20045E0C6 /* Products */ = {
			isa = PBXGroup;
			children = (
				65240A5420F545C20045E0C6 /* Smack.app */,
			);
			name = Products;
			sourceTree = "<group>";
		};
		65240A5620F545C20045E0C6 /* Smack */ = {
			isa = PBXGroup;
			children = (
				652B60C920FFDC7C003CB87D /* XIBs */,
				6526FEA220F7F3E900A685C1 /* Services */,
				6526FE9B20F6924C00A685C1 /* Utilities */,
				65E9A24920F54E140026EF01 /* View */,
				65E9A24A20F54E1A0026EF01 /* Model */,
				65E9A24B20F54E200026EF01 /* Controller */,
				65E9A24420F54C150026EF01 /* Supporting Files */,
				65240A5720F545C20045E0C6 /* AppDelegate.swift */,
				65240A5B20F545C20045E0C6 /* Main.storyboard */,
				65240A5E20F545C30045E0C6 /* Assets.xcassets */,
				65240A6020F545C30045E0C6 /* LaunchScreen.storyboard */,
				65240A6320F545C30045E0C6 /* Info.plist */,
			);
			path = Smack;
			sourceTree = "<group>";
		};
		6526FE9B20F6924C00A685C1 /* Utilities */ = {
			isa = PBXGroup;
			children = (
				6526FE9C20F6926200A685C1 /* Constants.swift */,
			);
			path = Utilities;
			sourceTree = "<group>";
		};
		6526FEA220F7F3E900A685C1 /* Services */ = {
			isa = PBXGroup;
			children = (
				6526FEA520F7F41B00A685C1 /* AuthService.swift */,
				652B60BD20FE8AD8003CB87D /* UserDataService.swift */,
				65B8DE2D210511E300ED0B47 /* MessageService.swift */,
				65B8DE37210520C400ED0B47 /* SocketService.swift */,
			);
			path = Services;
			sourceTree = "<group>";
		};
		652B60C920FFDC7C003CB87D /* XIBs */ = {
			isa = PBXGroup;
			children = (
				652B60C620FFDC56003CB87D /* ProfileVC.xib */,
				65B8DE3421051A8200ED0B47 /* AddChannelVC.xib */,
				65B8DE412107CEBF00ED0B47 /* UpdateUserNameVC.xib */,
				6514CA47210A6A1000262E95 /* UpdateAvatarPickerVC.xib */,
				6514CA4B210A6F4A00262E95 /* UpdateAvatarCell.xib */,
			);
			path = XIBs;
			sourceTree = "<group>";
		};
		65E9A24420F54C150026EF01 /* Supporting Files */ = {
			isa = PBXGroup;
			children = (
				65C7BCC420F54F7100C8972D /* Smack-Bridging-Header.h */,
				65C7BCC120F54F0400C8972D /* SWRevealViewController.h */,
				65C7BCC220F54F0400C8972D /* SWRevealViewController.m */,
			);
			path = "Supporting Files";
			sourceTree = "<group>";
		};
		65E9A24920F54E140026EF01 /* View */ = {
			isa = PBXGroup;
			children = (
				65B8DE3C2106669F00ED0B47 /* KeyboardBoundView.swift */,
				6526FE9920F678B200A685C1 /* GradientView.swift */,
				6526FEA720F7FEA200A685C1 /* RoundedButton.swift */,
				652B60C120FE979F003CB87D /* AvatarCell.swift */,
				652B60C320FFBFF3003CB87D /* CircleImage.swift */,
				65B8DE31210516D300ED0B47 /* ChannelCell.swift */,
				65B8DE3E21066E1900ED0B47 /* MessageCell.swift */,
				6514CA4A210A6F4A00262E95 /* UpdateAvatarCell.swift */,
			);
			path = View;
			sourceTree = "<group>";
		};
		65E9A24A20F54E1A0026EF01 /* Model */ = {
			isa = PBXGroup;
			children = (
				65B8DE2F2105120D00ED0B47 /* Channel.swift */,
				65B8DE3A21065B0300ED0B47 /* Message.swift */,
			);
			path = Model;
			sourceTree = "<group>";
		};
		65E9A24B20F54E200026EF01 /* Controller */ = {
			isa = PBXGroup;
			children = (
				65C7BCBD20F54E6700C8972D /* ChatVC.swift */,
				65C7BCBF20F54E7400C8972D /* ChannelVC.swift */,
				65B8DE3321051A8200ED0B47 /* AddChannelVC.swift */,
				6526FE9E20F6955A00A685C1 /* LoginVC.swift */,
				652B60C520FFDC56003CB87D /* ProfileVC.swift */,
				6526FEA020F696AC00A685C1 /* CreateAccountVC.swift */,
				652B60BF20FE967C003CB87D /* AvatarPickerVC.swift */,
				65B8DE402107CEBF00ED0B47 /* UpdateUserNameVC.swift */,
				6514CA46210A6A1000262E95 /* UpdateAvatarPickerVC.swift */,
			);
			path = Controller;
			sourceTree = "<group>";
		};
		AFEB87F801894580CA2B9282 /* Frameworks */ = {
			isa = PBXGroup;
			children = (
				539B0A7E873F8106F96B1FD2 /* Pods_Smack.framework */,
			);
			name = Frameworks;
			sourceTree = "<group>";
		};
/* End PBXGroup section */

/* Begin PBXNativeTarget section */
		65240A5320F545C20045E0C6 /* Smack */ = {
			isa = PBXNativeTarget;
			buildConfigurationList = 65240A6620F545C30045E0C6 /* Build configuration list for PBXNativeTarget "Smack" */;
			buildPhases = (
				64C974DB3B83697B8A503001 /* [CP] Check Pods Manifest.lock */,
				65240A5020F545C20045E0C6 /* Sources */,
				65240A5120F545C20045E0C6 /* Frameworks */,
				65240A5220F545C20045E0C6 /* Resources */,
				7FB0993A91551531A277C4E4 /* [CP] Embed Pods Frameworks */,
			);
			buildRules = (
			);
			dependencies = (
			);
			name = Smack;
			productName = Smack;
			productReference = 65240A5420F545C20045E0C6 /* Smack.app */;
			productType = "com.apple.product-type.application";
		};
/* End PBXNativeTarget section */

/* Begin PBXProject section */
		65240A4C20F545C20045E0C6 /* Project object */ = {
			isa = PBXProject;
			attributes = {
				LastSwiftUpdateCheck = 0940;
				LastUpgradeCheck = 0940;
				ORGANIZATIONNAME = "Pieter Kuijsten";
				TargetAttributes = {
					65240A5320F545C20045E0C6 = {
						CreatedOnToolsVersion = 9.4.1;
						LastSwiftMigration = 0940;
					};
				};
			};
			buildConfigurationList = 65240A4F20F545C20045E0C6 /* Build configuration list for PBXProject "Smack" */;
			compatibilityVersion = "Xcode 9.3";
			developmentRegion = en;
			hasScannedForEncodings = 0;
			knownRegions = (
				en,
				Base,
			);
			mainGroup = 65240A4B20F545C20045E0C6;
			productRefGroup = 65240A5520F545C20045E0C6 /* Products */;
			projectDirPath = "";
			projectRoot = "";
			targets = (
				65240A5320F545C20045E0C6 /* Smack */,
			);
		};
/* End PBXProject section */

/* Begin PBXResourcesBuildPhase section */
		65240A5220F545C20045E0C6 /* Resources */ = {
			isa = PBXResourcesBuildPhase;
			buildActionMask = 2147483647;
			files = (
				65B8DE3621051A8200ED0B47 /* AddChannelVC.xib in Resources */,
				6514CA49210A6A1000262E95 /* UpdateAvatarPickerVC.xib in Resources */,
				652B60C820FFDC56003CB87D /* ProfileVC.xib in Resources */,
				65B8DE432107CEBF00ED0B47 /* UpdateUserNameVC.xib in Resources */,
				65240A6220F545C30045E0C6 /* LaunchScreen.storyboard in Resources */,
				65240A5F20F545C30045E0C6 /* Assets.xcassets in Resources */,
				65240A5D20F545C20045E0C6 /* Main.storyboard in Resources */,
				6514CA4D210A6F4A00262E95 /* UpdateAvatarCell.xib in Resources */,
			);
			runOnlyForDeploymentPostprocessing = 0;
		};
/* End PBXResourcesBuildPhase section */

/* Begin PBXShellScriptBuildPhase section */
		64C974DB3B83697B8A503001 /* [CP] Check Pods Manifest.lock */ = {
			isa = PBXShellScriptBuildPhase;
			buildActionMask = 2147483647;
			files = (
			);
			inputPaths = (
				"${PODS_PODFILE_DIR_PATH}/Podfile.lock",
				"${PODS_ROOT}/Manifest.lock",
			);
			name = "[CP] Check Pods Manifest.lock";
			outputPaths = (
				"$(DERIVED_FILE_DIR)/Pods-Smack-checkManifestLockResult.txt",
			);
			runOnlyForDeploymentPostprocessing = 0;
			shellPath = /bin/sh;
			shellScript = "diff \"${PODS_PODFILE_DIR_PATH}/Podfile.lock\" \"${PODS_ROOT}/Manifest.lock\" > /dev/null\nif [ $? != 0 ] ; then\n    # print error to STDERR\n    echo \"error: The sandbox is not in sync with the Podfile.lock. Run 'pod install' or update your CocoaPods installation.\" >&2\n    exit 1\nfi\n# This output is used by Xcode 'outputs' to avoid re-running this script phase.\necho \"SUCCESS\" > \"${SCRIPT_OUTPUT_FILE_0}\"\n";
			showEnvVarsInLog = 0;
		};
		7FB0993A91551531A277C4E4 /* [CP] Embed Pods Frameworks */ = {
			isa = PBXShellScriptBuildPhase;
			buildActionMask = 2147483647;
			files = (
			);
			inputPaths = (
				"${SRCROOT}/Pods/Target Support Files/Pods-Smack/Pods-Smack-frameworks.sh",
				"${BUILT_PRODUCTS_DIR}/Alamofire/Alamofire.framework",
				"${BUILT_PRODUCTS_DIR}/Socket.IO-Client-Swift/SocketIO.framework",
				"${BUILT_PRODUCTS_DIR}/Starscream/Starscream.framework",
				"${BUILT_PRODUCTS_DIR}/SwiftyJSON/SwiftyJSON.framework",
			);
			name = "[CP] Embed Pods Frameworks";
			outputPaths = (
				"${TARGET_BUILD_DIR}/${FRAMEWORKS_FOLDER_PATH}/Alamofire.framework",
				"${TARGET_BUILD_DIR}/${FRAMEWORKS_FOLDER_PATH}/SocketIO.framework",
				"${TARGET_BUILD_DIR}/${FRAMEWORKS_FOLDER_PATH}/Starscream.framework",
				"${TARGET_BUILD_DIR}/${FRAMEWORKS_FOLDER_PATH}/SwiftyJSON.framework",
			);
			runOnlyForDeploymentPostprocessing = 0;
			shellPath = /bin/sh;
			shellScript = "\"${SRCROOT}/Pods/Target Support Files/Pods-Smack/Pods-Smack-frameworks.sh\"\n";
			showEnvVarsInLog = 0;
		};
/* End PBXShellScriptBuildPhase section */

/* Begin PBXSourcesBuildPhase section */
		65240A5020F545C20045E0C6 /* Sources */ = {
			isa = PBXSourcesBuildPhase;
			buildActionMask = 2147483647;
			files = (
				65B8DE3D2106669F00ED0B47 /* KeyboardBoundView.swift in Sources */,
				65B8DE38210520C400ED0B47 /* SocketService.swift in Sources */,
				652B60C720FFDC56003CB87D /* ProfileVC.swift in Sources */,
				65B8DE32210516D300ED0B47 /* ChannelCell.swift in Sources */,
				6514CA48210A6A1000262E95 /* UpdateAvatarPickerVC.swift in Sources */,
				65C7BCC020F54E7400C8972D /* ChannelVC.swift in Sources */,
				652B60C020FE967C003CB87D /* AvatarPickerVC.swift in Sources */,
				65B8DE3F21066E1900ED0B47 /* MessageCell.swift in Sources */,
				6526FEA820F7FEA200A685C1 /* RoundedButton.swift in Sources */,
				6514CA4C210A6F4A00262E95 /* UpdateAvatarCell.swift in Sources */,
				65B8DE3B21065B0400ED0B47 /* Message.swift in Sources */,
				65B8DE302105120D00ED0B47 /* Channel.swift in Sources */,
				652B60C420FFBFF3003CB87D /* CircleImage.swift in Sources */,
				65B8DE2E210511E300ED0B47 /* MessageService.swift in Sources */,
				65C7BCBE20F54E6700C8972D /* ChatVC.swift in Sources */,
				652B60BE20FE8AD8003CB87D /* UserDataService.swift in Sources */,
				6526FEA120F696AC00A685C1 /* CreateAccountVC.swift in Sources */,
				6526FEA620F7F41B00A685C1 /* AuthService.swift in Sources */,
				6526FE9F20F6955A00A685C1 /* LoginVC.swift in Sources */,
				65B8DE3521051A8200ED0B47 /* AddChannelVC.swift in Sources */,
				65B8DE422107CEBF00ED0B47 /* UpdateUserNameVC.swift in Sources */,
				6526FE9A20F678B200A685C1 /* GradientView.swift in Sources */,
				652B60C220FE979F003CB87D /* AvatarCell.swift in Sources */,
				65240A5820F545C20045E0C6 /* AppDelegate.swift in Sources */,
				65C7BCC320F54F0400C8972D /* SWRevealViewController.m in Sources */,
				6526FE9D20F6926200A685C1 /* Constants.swift in Sources */,
			);
			runOnlyForDeploymentPostprocessing = 0;
		};
/* End PBXSourcesBuildPhase section */

/* Begin PBXVariantGroup section */
		65240A5B20F545C20045E0C6 /* Main.storyboard */ = {
			isa = PBXVariantGroup;
			children = (
				65240A5C20F545C20045E0C6 /* Base */,
			);
			name = Main.storyboard;
			sourceTree = "<group>";
		};
		65240A6020F545C30045E0C6 /* LaunchScreen.storyboard */ = {
			isa = PBXVariantGroup;
			children = (
				65240A6120F545C30045E0C6 /* Base */,
			);
			name = LaunchScreen.storyboard;
			sourceTree = "<group>";
		};
/* End PBXVariantGroup section */

/* Begin XCBuildConfiguration section */
		65240A6420F545C30045E0C6 /* Debug */ = {
			isa = XCBuildConfiguration;
			buildSettings = {
				ALWAYS_SEARCH_USER_PATHS = NO;
				CLANG_ANALYZER_NONNULL = YES;
				CLANG_ANALYZER_NUMBER_OBJECT_CONVERSION = YES_AGGRESSIVE;
				CLANG_CXX_LANGUAGE_STANDARD = "gnu++14";
				CLANG_CXX_LIBRARY = "libc++";
				CLANG_ENABLE_MODULES = YES;
				CLANG_ENABLE_OBJC_ARC = YES;
				CLANG_ENABLE_OBJC_WEAK = YES;
				CLANG_WARN_BLOCK_CAPTURE_AUTORELEASING = YES;
				CLANG_WARN_BOOL_CONVERSION = YES;
				CLANG_WARN_COMMA = YES;
				CLANG_WARN_CONSTANT_CONVERSION = YES;
				CLANG_WARN_DEPRECATED_OBJC_IMPLEMENTATIONS = YES;
				CLANG_WARN_DIRECT_OBJC_ISA_USAGE = YES_ERROR;
				CLANG_WARN_DOCUMENTATION_COMMENTS = YES;
				CLANG_WARN_EMPTY_BODY = YES;
				CLANG_WARN_ENUM_CONVERSION = YES;
				CLANG_WARN_INFINITE_RECURSION = YES;
				CLANG_WARN_INT_CONVERSION = YES;
				CLANG_WARN_NON_LITERAL_NULL_CONVERSION = YES;
				CLANG_WARN_OBJC_IMPLICIT_RETAIN_SELF = YES;
				CLANG_WARN_OBJC_LITERAL_CONVERSION = YES;
				CLANG_WARN_OBJC_ROOT_CLASS = YES_ERROR;
				CLANG_WARN_RANGE_LOOP_ANALYSIS = YES;
				CLANG_WARN_STRICT_PROTOTYPES = YES;
				CLANG_WARN_SUSPICIOUS_MOVE = YES;
				CLANG_WARN_UNGUARDED_AVAILABILITY = YES_AGGRESSIVE;
				CLANG_WARN_UNREACHABLE_CODE = YES;
				CLANG_WARN__DUPLICATE_METHOD_MATCH = YES;
				CODE_SIGN_IDENTITY = "iPhone Developer";
				COPY_PHASE_STRIP = NO;
				DEBUG_INFORMATION_FORMAT = dwarf;
				ENABLE_STRICT_OBJC_MSGSEND = YES;
				ENABLE_TESTABILITY = YES;
				GCC_C_LANGUAGE_STANDARD = gnu11;
				GCC_DYNAMIC_NO_PIC = NO;
				GCC_NO_COMMON_BLOCKS = YES;
				GCC_OPTIMIZATION_LEVEL = 0;
				GCC_PREPROCESSOR_DEFINITIONS = (
					"DEBUG=1",
					"$(inherited)",
				);
				GCC_WARN_64_TO_32_BIT_CONVERSION = YES;
				GCC_WARN_ABOUT_RETURN_TYPE = YES_ERROR;
				GCC_WARN_UNDECLARED_SELECTOR = YES;
				GCC_WARN_UNINITIALIZED_AUTOS = YES_AGGRESSIVE;
				GCC_WARN_UNUSED_FUNCTION = YES;
				GCC_WARN_UNUSED_VARIABLE = YES;
				IPHONEOS_DEPLOYMENT_TARGET = 11.4;
				MTL_ENABLE_DEBUG_INFO = YES;
				ONLY_ACTIVE_ARCH = YES;
				SDKROOT = iphoneos;
				SWIFT_ACTIVE_COMPILATION_CONDITIONS = DEBUG;
				SWIFT_OPTIMIZATION_LEVEL = "-Onone";
			};
			name = Debug;
		};
		65240A6520F545C30045E0C6 /* Release */ = {
			isa = XCBuildConfiguration;
			buildSettings = {
				ALWAYS_SEARCH_USER_PATHS = NO;
				CLANG_ANALYZER_NONNULL = YES;
				CLANG_ANALYZER_NUMBER_OBJECT_CONVERSION = YES_AGGRESSIVE;
				CLANG_CXX_LANGUAGE_STANDARD = "gnu++14";
				CLANG_CXX_LIBRARY = "libc++";
				CLANG_ENABLE_MODULES = YES;
				CLANG_ENABLE_OBJC_ARC = YES;
				CLANG_ENABLE_OBJC_WEAK = YES;
				CLANG_WARN_BLOCK_CAPTURE_AUTORELEASING = YES;
				CLANG_WARN_BOOL_CONVERSION = YES;
				CLANG_WARN_COMMA = YES;
				CLANG_WARN_CONSTANT_CONVERSION = YES;
				CLANG_WARN_DEPRECATED_OBJC_IMPLEMENTATIONS = YES;
				CLANG_WARN_DIRECT_OBJC_ISA_USAGE = YES_ERROR;
				CLANG_WARN_DOCUMENTATION_COMMENTS = YES;
				CLANG_WARN_EMPTY_BODY = YES;
				CLANG_WARN_ENUM_CONVERSION = YES;
				CLANG_WARN_INFINITE_RECURSION = YES;
				CLANG_WARN_INT_CONVERSION = YES;
				CLANG_WARN_NON_LITERAL_NULL_CONVERSION = YES;
				CLANG_WARN_OBJC_IMPLICIT_RETAIN_SELF = YES;
				CLANG_WARN_OBJC_LITERAL_CONVERSION = YES;
				CLANG_WARN_OBJC_ROOT_CLASS = YES_ERROR;
				CLANG_WARN_RANGE_LOOP_ANALYSIS = YES;
				CLANG_WARN_STRICT_PROTOTYPES = YES;
				CLANG_WARN_SUSPICIOUS_MOVE = YES;
				CLANG_WARN_UNGUARDED_AVAILABILITY = YES_AGGRESSIVE;
				CLANG_WARN_UNREACHABLE_CODE = YES;
				CLANG_WARN__DUPLICATE_METHOD_MATCH = YES;
				CODE_SIGN_IDENTITY = "iPhone Developer";
				COPY_PHASE_STRIP = NO;
				DEBUG_INFORMATION_FORMAT = "dwarf-with-dsym";
				ENABLE_NS_ASSERTIONS = NO;
				ENABLE_STRICT_OBJC_MSGSEND = YES;
				GCC_C_LANGUAGE_STANDARD = gnu11;
				GCC_NO_COMMON_BLOCKS = YES;
				GCC_WARN_64_TO_32_BIT_CONVERSION = YES;
				GCC_WARN_ABOUT_RETURN_TYPE = YES_ERROR;
				GCC_WARN_UNDECLARED_SELECTOR = YES;
				GCC_WARN_UNINITIALIZED_AUTOS = YES_AGGRESSIVE;
				GCC_WARN_UNUSED_FUNCTION = YES;
				GCC_WARN_UNUSED_VARIABLE = YES;
				IPHONEOS_DEPLOYMENT_TARGET = 11.4;
				MTL_ENABLE_DEBUG_INFO = NO;
				SDKROOT = iphoneos;
				SWIFT_COMPILATION_MODE = wholemodule;
				SWIFT_OPTIMIZATION_LEVEL = "-O";
				VALIDATE_PRODUCT = YES;
			};
			name = Release;
		};
		65240A6720F545C30045E0C6 /* Debug */ = {
			isa = XCBuildConfiguration;
			baseConfigurationReference = 68DEB5A32F1F078BA8499E58 /* Pods-Smack.debug.xcconfig */;
			buildSettings = {
				ASSETCATALOG_COMPILER_APPICON_NAME = AppIcon;
				CLANG_ENABLE_MODULES = YES;
				CODE_SIGN_STYLE = Automatic;
				DEVELOPMENT_TEAM = E6GFV94F2M;
				INFOPLIST_FILE = Smack/Info.plist;
				LD_RUNPATH_SEARCH_PATHS = (
					"$(inherited)",
					"@executable_path/Frameworks",
				);
				PRODUCT_BUNDLE_IDENTIFIER = Pieter.Smack;
				PRODUCT_NAME = "$(TARGET_NAME)";
				SWIFT_OBJC_BRIDGING_HEADER = "Smack/Supporting Files/Smack-Bridging-Header.h";
				SWIFT_OPTIMIZATION_LEVEL = "-Onone";
				SWIFT_VERSION = 4.0;
				TARGETED_DEVICE_FAMILY = "1,2";
			};
			name = Debug;
		};
		65240A6820F545C30045E0C6 /* Release */ = {
			isa = XCBuildConfiguration;
			baseConfigurationReference = 49EDC974E9985171879525A5 /* Pods-Smack.release.xcconfig */;
			buildSettings = {
				ASSETCATALOG_COMPILER_APPICON_NAME = AppIcon;
				CLANG_ENABLE_MODULES = YES;
				CODE_SIGN_STYLE = Automatic;
				DEVELOPMENT_TEAM = E6GFV94F2M;
				INFOPLIST_FILE = Smack/Info.plist;
				LD_RUNPATH_SEARCH_PATHS = (
					"$(inherited)",
					"@executable_path/Frameworks",
				);
				PRODUCT_BUNDLE_IDENTIFIER = Pieter.Smack;
				PRODUCT_NAME = "$(TARGET_NAME)";
				SWIFT_OBJC_BRIDGING_HEADER = "Smack/Supporting Files/Smack-Bridging-Header.h";
				SWIFT_VERSION = 4.0;
				TARGETED_DEVICE_FAMILY = "1,2";
			};
			name = Release;
		};
/* End XCBuildConfiguration section */

/* Begin XCConfigurationList section */
		65240A4F20F545C20045E0C6 /* Build configuration list for PBXProject "Smack" */ = {
			isa = XCConfigurationList;
			buildConfigurations = (
				65240A6420F545C30045E0C6 /* Debug */,
				65240A6520F545C30045E0C6 /* Release */,
			);
			defaultConfigurationIsVisible = 0;
			defaultConfigurationName = Release;
		};
		65240A6620F545C30045E0C6 /* Build configuration list for PBXNativeTarget "Smack" */ = {
			isa = XCConfigurationList;
			buildConfigurations = (
				65240A6720F545C30045E0C6 /* Debug */,
				65240A6820F545C30045E0C6 /* Release */,
			);
			defaultConfigurationIsVisible = 0;
			defaultConfigurationName = Release;
		};
/* End XCConfigurationList section */
	};
	rootObject = 65240A4C20F545C20045E0C6 /* Project object */;
}
